
Microsoft Visual Studio Solution File, Format Version 12.00
# Visual Studio Version 16
VisualStudioVersion = 16.0.29926.136
MinimumVisualStudioVersion = 10.0.40219.1
Project("{FAE04EC0-301F-11D3-BF4B-00C04F79EFBC}") = "完数", "完数.csproj", "{6887AB7D-B69B-471A-A0B0-E9F832589488}"
EndProject
Global
	GlobalSection(SolutionConfigurationPlatforms) = preSolution
		Debug|Any CPU = Debug|Any CPU
		Release|Any CPU = Release|Any CPU
	EndGlobalSection
	GlobalSection(ProjectConfigurationPlatforms) = postSolution
		{6887AB7D-B69B-471A-A0B0-E9F832589488}.Debug|Any CPU.ActiveCfg = Debug|Any CPU
		{6887AB7D-B69B-471A-A0B0-E9F832589488}.Debug|Any CPU.Build.0 = Debug|Any CPU
		{6887AB7D-B69B-471A-A0B0-E9F832589488}.Release|Any CPU.ActiveCfg = Release|Any CPU
		{6887AB7D-B69B-471A-A0B0-E9F832589488}.Release|Any CPU.Build.0 = Release|Any CPU
	EndGlobalSection
	GlobalSection(SolutionProperties) = preSolution
		HideSolutionNode = FALSE
	EndGlobalSection
	GlobalSection(ExtensibilityGlobals) = postSolution
		SolutionGuid = {6C6DC6E9-B441-4148-9964-ED129CA8B778}
	EndGlobalSection
EndGlobal
