
Microsoft Visual Studio Solution File, Format Version 12.00
# Visual Studio Version 16
VisualStudioVersion = 16.0.29926.136
MinimumVisualStudioVersion = 10.0.40219.1
Project("{FAE04EC0-301F-11D3-BF4B-00C04F79EFBC}") = "猜随机数", "猜随机数.csproj", "{6684793D-9D26-4794-BE21-019DF50C7C8D}"
EndProject
Global
	GlobalSection(SolutionConfigurationPlatforms) = preSolution
		Debug|Any CPU = Debug|Any CPU
		Release|Any CPU = Release|Any CPU
	EndGlobalSection
	GlobalSection(ProjectConfigurationPlatforms) = postSolution
		{6684793D-9D26-4794-BE21-019DF50C7C8D}.Debug|Any CPU.ActiveCfg = Debug|Any CPU
		{6684793D-9D26-4794-BE21-019DF50C7C8D}.Debug|Any CPU.Build.0 = Debug|Any CPU
		{6684793D-9D26-4794-BE21-019DF50C7C8D}.Release|Any CPU.ActiveCfg = Release|Any CPU
		{6684793D-9D26-4794-BE21-019DF50C7C8D}.Release|Any CPU.Build.0 = Release|Any CPU
	EndGlobalSection
	GlobalSection(SolutionProperties) = preSolution
		HideSolutionNode = FALSE
	EndGlobalSection
	GlobalSection(ExtensibilityGlobals) = postSolution
		SolutionGuid = {C5551AD4-DEEB-466F-AF04-AF863CE149CE}
	EndGlobalSection
EndGlobal
