
Microsoft Visual Studio Solution File, Format Version 12.00
# Visual Studio Version 16
VisualStudioVersion = 16.0.29926.136
MinimumVisualStudioVersion = 10.0.40219.1
Project("{FAE04EC0-301F-11D3-BF4B-00C04F79EFBC}") = "判断素数", "判断素数.csproj", "{13D620DE-AFBE-4B7C-82B6-C51C086F86BB}"
EndProject
Global
	GlobalSection(SolutionConfigurationPlatforms) = preSolution
		Debug|Any CPU = Debug|Any CPU
		Release|Any CPU = Release|Any CPU
	EndGlobalSection
	GlobalSection(ProjectConfigurationPlatforms) = postSolution
		{13D620DE-AFBE-4B7C-82B6-C51C086F86BB}.Debug|Any CPU.ActiveCfg = Debug|Any CPU
		{13D620DE-AFBE-4B7C-82B6-C51C086F86BB}.Debug|Any CPU.Build.0 = Debug|Any CPU
		{13D620DE-AFBE-4B7C-82B6-C51C086F86BB}.Release|Any CPU.ActiveCfg = Release|Any CPU
		{13D620DE-AFBE-4B7C-82B6-C51C086F86BB}.Release|Any CPU.Build.0 = Release|Any CPU
	EndGlobalSection
	GlobalSection(SolutionProperties) = preSolution
		HideSolutionNode = FALSE
	EndGlobalSection
	GlobalSection(ExtensibilityGlobals) = postSolution
		SolutionGuid = {2F2ABCD8-F3ED-4858-9377-A9D048779B19}
	EndGlobalSection
EndGlobal
