
Microsoft Visual Studio Solution File, Format Version 12.00
# Visual Studio Version 16
VisualStudioVersion = 16.0.30011.22
MinimumVisualStudioVersion = 10.0.40219.1
Project("{FAE04EC0-301F-11D3-BF4B-00C04F79EFBC}") = "组合框", "组合框.csproj", "{3ECCD3A7-9176-42A9-BCE9-F1AD2DE8F6EA}"
EndProject
Global
	GlobalSection(SolutionConfigurationPlatforms) = preSolution
		Debug|Any CPU = Debug|Any CPU
		Release|Any CPU = Release|Any CPU
	EndGlobalSection
	GlobalSection(ProjectConfigurationPlatforms) = postSolution
		{3ECCD3A7-9176-42A9-BCE9-F1AD2DE8F6EA}.Debug|Any CPU.ActiveCfg = Debug|Any CPU
		{3ECCD3A7-9176-42A9-BCE9-F1AD2DE8F6EA}.Debug|Any CPU.Build.0 = Debug|Any CPU
		{3ECCD3A7-9176-42A9-BCE9-F1AD2DE8F6EA}.Release|Any CPU.ActiveCfg = Release|Any CPU
		{3ECCD3A7-9176-42A9-BCE9-F1AD2DE8F6EA}.Release|Any CPU.Build.0 = Release|Any CPU
	EndGlobalSection
	GlobalSection(SolutionProperties) = preSolution
		HideSolutionNode = FALSE
	EndGlobalSection
	GlobalSection(ExtensibilityGlobals) = postSolution
		SolutionGuid = {444AE242-9FA7-4255-93C2-1BF52F1A0072}
	EndGlobalSection
EndGlobal
