
Microsoft Visual Studio Solution File, Format Version 12.00
# Visual Studio Version 16
VisualStudioVersion = 16.0.30002.166
MinimumVisualStudioVersion = 10.0.40219.1
Project("{FAE04EC0-301F-11D3-BF4B-00C04F79EFBC}") = "选择排序法", "选择排序法.csproj", "{35C0A990-C190-4B4B-A632-B8ABBF9037CF}"
EndProject
Global
	GlobalSection(SolutionConfigurationPlatforms) = preSolution
		Debug|Any CPU = Debug|Any CPU
		Release|Any CPU = Release|Any CPU
	EndGlobalSection
	GlobalSection(ProjectConfigurationPlatforms) = postSolution
		{35C0A990-C190-4B4B-A632-B8ABBF9037CF}.Debug|Any CPU.ActiveCfg = Debug|Any CPU
		{35C0A990-C190-4B4B-A632-B8ABBF9037CF}.Debug|Any CPU.Build.0 = Debug|Any CPU
		{35C0A990-C190-4B4B-A632-B8ABBF9037CF}.Release|Any CPU.ActiveCfg = Release|Any CPU
		{35C0A990-C190-4B4B-A632-B8ABBF9037CF}.Release|Any CPU.Build.0 = Release|Any CPU
	EndGlobalSection
	GlobalSection(SolutionProperties) = preSolution
		HideSolutionNode = FALSE
	EndGlobalSection
	GlobalSection(ExtensibilityGlobals) = postSolution
		SolutionGuid = {24ABBE22-2B51-4D0F-A9F3-E4D3DD92437A}
	EndGlobalSection
EndGlobal
